{
  "name": "@roberttlange/todui",
  "version": "0.1.1",
  "lockfileVersion": 3,
  "requires": true,
  "packages": {
    "": {
      "name": "@roberttlange/todui",
      "version": "0.1.1",
      "cpu": [
        "x64",
        "arm64"
      ],
      "hasInstallScript": true,
      "license": "MIT",
      "os": [
        "darwin",
        "linux"
      ],
      "bin": {
        "todui": "bin/todui.js"
      },
      "engines": {
        "node": ">=18"
      }
    }
  }
}
